github.com/google/uuid v1.3.1 h1:KjJaJ9iWZ3jOFZIf1Lqf4laDRCasjl0BCmnEGxkdLb4=
github.com/google/uuid v1.3.1/go.mod h1:TIyPZe4MgqvfeYDBFedMoGGpEw/LqOeaOT+nhxU+yHo=
github.com/grellyd/filelogging v0.0.0-20180915010018-b2a208a9a587 h1:cr5+7q79KwmiI1xut+glbx3CkTBzllmepAc5ig55dkY=
github.com/grellyd/filelogging v0.0.0-20180915010018-b2a208a9a587/go.mod h1:UBvU1eltqysKHO7Qk2pReOgIzvTJfVaPR6WikncY34w=
github.com/grellyd/qrgen v0.0.0-20201216011122-e729d155aeef h1:q/0wMnBHSCzH/e446gUALXjX0jOuE8D7gSV+5tD4HMI=
github.com/grellyd/qrgen v0.0.0-20201216011122-e729d155aeef/go.mod h1:cIONnJbrw5tRvH85Wsqu447VDm0lP/QFoVQiD0kIEnM=
github.com/pkg/errors v0.9.1 h1:FEBLx1zS214owpjy7qsBeixbURkuhQAwrK5UwLGTwt4=
github.com/pkg/errors v0.9.1/go.mod h1:bwawxfHBFNV+L2hUp1rHADufV3IMtnDRdf1r5NINEl0=
golang.org/x/crypto v0.16.0 h1:mMMrFzRSCF0GvB7Ne27XVtVAaXLrPmgPC7/v0tkwHaY=
golang.org/x/crypto v0.16.0/go.mod h1:gCAAfMLgwOJRpTjQ2zCCt2OcSfYMTeZVSRtQlPC7Nq4=
golang.org/x/net v0.17.0 h1:pVaXccu2ozPjCXewfr1S7xza/zcXTity9cCdXQYSjIM=
golang.org/x/net v0.17.0/go.mod h1:NxSsAGuq816PNPmqtQdLE42eU2Fs7NoRIZrHJAlaCOE=
golang.org/x/text v0.14.0 h1:ScX5w1eTa3QqT8oi6+ziP7dTV1S2+ALU0bI+0zXKWiQ=
golang.org/x/text v0.14.0/go.mod h1:18ZOQIKpY8NJVqYksKHtTdi31H5itFRjB5/qKTNYzSU=
