github.com/google/uuid v1.6.0 h1:NIvaJDMOsjHA8n1jAhLSgzrAzy1Hgr+hNrb57e+94F0=
github.com/google/uuid v1.6.0/go.mod h1:TIyPZe4MgqvfeYDBFedMoGGpEw/LqOeaOT+nhxU+yHo=
github.com/grellyd/filelogging v0.0.0-20180915010018-b2a208a9a587 h1:cr5+7q79KwmiI1xut+glbx3CkTBzllmepAc5ig55dkY=
github.com/grellyd/filelogging v0.0.0-20180915010018-b2a208a9a587/go.mod h1:UBvU1eltqysKHO7Qk2pReOgIzvTJfVaPR6WikncY34w=
github.com/grellyd/qrgen v0.0.0-20201216011122-e729d155aeef h1:q/0wMnBHSCzH/e446gUALXjX0jOuE8D7gSV+5tD4HMI=
github.com/grellyd/qrgen v0.0.0-20201216011122-e729d155aeef/go.mod h1:cIONnJbrw5tRvH85Wsqu447VDm0lP/QFoVQiD0kIEnM=
github.com/pkg/errors v0.9.1 h1:FEBLx1zS214owpjy7qsBeixbURkuhQAwrK5UwLGTwt4=
github.com/pkg/errors v0.9.1/go.mod h1:bwawxfHBFNV+L2hUp1rHADufV3IMtnDRdf1r5NINEl0=
golang.org/x/crypto v0.51.0 h1:IBPXwPfKxY7cWQZ38ZCIRPI50YLeevDLlLnyC5wRGTI=
golang.org/x/crypto v0.51.0/go.mod h1:8AdwkbraGNABw2kOX6YFPs3WM22XqI4EXEd8g+x7Oc8=
golang.org/x/net v0.55.0 h1:bcvxaJn3e1U6InsFWt1JUq1aSjnRxLzT2rtD2KfkDF8=
golang.org/x/net v0.55.0/go.mod h1:L5U2KuzuOe1lY7Z+aWVIKK6qEeJXnXV9yzGA+WCHJww=
golang.org/x/text v0.37.0 h1:Cqjiwd9eSg8e0QAkyCaQTNHFIIzWtidPahFWR83rTrc=
golang.org/x/text v0.37.0/go.mod h1:a5sjxXGs9hsn/AJVwuElvCAo9v8QYLzvavO5z2PiM38=
